
Microsoft Visual Studio Solution File, Format Version 12.00
# Visual Studio Version 17
VisualStudioVersion = 17.0.32014.148
MinimumVisualStudioVersion = 10.0.40219.1
Project("{9A19103F-16F7-4668-BE54-9A1E7A4F7556}") = "CsharpLog", "CsharpLog\CsharpLog.csproj", "{C68EB5C1-4637-4AE4-99DE-AA361794DB8F}"
EndProject
Project("{FAE04EC0-301F-11D3-BF4B-00C04F79EFBC}") = "WebApi", "WebApi\WebApi.csproj", "{6B991577-D2D5-4B30-8643-4BCD93713EB2}"
EndProject
Global
	GlobalSection(SolutionConfigurationPlatforms) = preSolution
		Debug|Any CPU = Debug|Any CPU
		Release|Any CPU = Release|Any CPU
	EndGlobalSection
	GlobalSection(ProjectConfigurationPlatforms) = postSolution
		{C68EB5C1-4637-4AE4-99DE-AA361794DB8F}.Debug|Any CPU.ActiveCfg = Debug|Any CPU
		{C68EB5C1-4637-4AE4-99DE-AA361794DB8F}.Debug|Any CPU.Build.0 = Debug|Any CPU
		{C68EB5C1-4637-4AE4-99DE-AA361794DB8F}.Release|Any CPU.ActiveCfg = Release|Any CPU
		{C68EB5C1-4637-4AE4-99DE-AA361794DB8F}.Release|Any CPU.Build.0 = Release|Any CPU
		{6B991577-D2D5-4B30-8643-4BCD93713EB2}.Debug|Any CPU.ActiveCfg = Debug|Any CPU
		{6B991577-D2D5-4B30-8643-4BCD93713EB2}.Debug|Any CPU.Build.0 = Debug|Any CPU
		{6B991577-D2D5-4B30-8643-4BCD93713EB2}.Release|Any CPU.ActiveCfg = Release|Any CPU
		{6B991577-D2D5-4B30-8643-4BCD93713EB2}.Release|Any CPU.Build.0 = Release|Any CPU
	EndGlobalSection
	GlobalSection(SolutionProperties) = preSolution
		HideSolutionNode = FALSE
	EndGlobalSection
	GlobalSection(ExtensibilityGlobals) = postSolution
		SolutionGuid = {6B337010-F8D4-4A8F-899F-87FB885126CE}
	EndGlobalSection
EndGlobal
